
Microsoft Visual Studio Solution File, Format Version 12.00
# Visual Studio Version 17
VisualStudioVersion = 17.1.32407.343
MinimumVisualStudioVersion = 10.0.40219.1
Project("{FAE04EC0-301F-11D3-BF4B-00C04F79EFBC}") = "HotelReserva", "HotelReserva.csproj", "{BAA013B9-ADF3-4964-A925-71AEA98C8BE2}"
EndProject
Global
	GlobalSection(SolutionConfigurationPlatforms) = preSolution
		Debug|Any CPU = Debug|Any CPU
		Release|Any CPU = Release|Any CPU
	EndGlobalSection
	GlobalSection(ProjectConfigurationPlatforms) = postSolution
		{BAA013B9-ADF3-4964-A925-71AEA98C8BE2}.Debug|Any CPU.ActiveCfg = Debug|Any CPU
		{BAA013B9-ADF3-4964-A925-71AEA98C8BE2}.Debug|Any CPU.Build.0 = Debug|Any CPU
		{BAA013B9-ADF3-4964-A925-71AEA98C8BE2}.Release|Any CPU.ActiveCfg = Release|Any CPU
		{BAA013B9-ADF3-4964-A925-71AEA98C8BE2}.Release|Any CPU.Build.0 = Release|Any CPU
	EndGlobalSection
	GlobalSection(SolutionProperties) = preSolution
		HideSolutionNode = FALSE
	EndGlobalSection
	GlobalSection(ExtensibilityGlobals) = postSolution
		SolutionGuid = {C50A566E-C861-495A-BFA8-AB48BA2B9060}
	EndGlobalSection
EndGlobal
